
Microsoft Visual Studio Solution File, Format Version 12.00
# Visual Studio Version 16
VisualStudioVersion = 16.0.31829.152
MinimumVisualStudioVersion = 10.0.40219.1
Project("{FAE04EC0-301F-11D3-BF4B-00C04F79EFBC}") = "UC4", "UC4\UC4.csproj", "{0D19D3C3-5138-4EA3-8336-E4DD0D228644}"
EndProject
Global
	GlobalSection(SolutionConfigurationPlatforms) = preSolution
		Debug|Any CPU = Debug|Any CPU
		Release|Any CPU = Release|Any CPU
	EndGlobalSection
	GlobalSection(ProjectConfigurationPlatforms) = postSolution
		{0D19D3C3-5138-4EA3-8336-E4DD0D228644}.Debug|Any CPU.ActiveCfg = Debug|Any CPU
		{0D19D3C3-5138-4EA3-8336-E4DD0D228644}.Debug|Any CPU.Build.0 = Debug|Any CPU
		{0D19D3C3-5138-4EA3-8336-E4DD0D228644}.Release|Any CPU.ActiveCfg = Release|Any CPU
		{0D19D3C3-5138-4EA3-8336-E4DD0D228644}.Release|Any CPU.Build.0 = Release|Any CPU
	EndGlobalSection
	GlobalSection(SolutionProperties) = preSolution
		HideSolutionNode = FALSE
	EndGlobalSection
	GlobalSection(ExtensibilityGlobals) = postSolution
		SolutionGuid = {8D30799B-4310-434B-B47B-D6BC7BE1B253}
	EndGlobalSection
EndGlobal
